
Microsoft Visual Studio Solution File, Format Version 12.00
# Visual Studio Version 17
VisualStudioVersion = 17.4.33122.133
MinimumVisualStudioVersion = 10.0.40219.1
Project("{FAE04EC0-301F-11D3-BF4B-00C04F79EFBC}") = "WindowsFormsApp1", "WindowsFormsApp1\WindowsFormsApp1.csproj", "{4969CB72-40FE-4F99-8419-BF193CC20DA1}"
EndProject
Global
	GlobalSection(SolutionConfigurationPlatforms) = preSolution
		Debug|Any CPU = Debug|Any CPU
		Release|Any CPU = Release|Any CPU
	EndGlobalSection
	GlobalSection(ProjectConfigurationPlatforms) = postSolution
		{4969CB72-40FE-4F99-8419-BF193CC20DA1}.Debug|Any CPU.ActiveCfg = Debug|Any CPU
		{4969CB72-40FE-4F99-8419-BF193CC20DA1}.Debug|Any CPU.Build.0 = Debug|Any CPU
		{4969CB72-40FE-4F99-8419-BF193CC20DA1}.Release|Any CPU.ActiveCfg = Release|Any CPU
		{4969CB72-40FE-4F99-8419-BF193CC20DA1}.Release|Any CPU.Build.0 = Release|Any CPU
	EndGlobalSection
	GlobalSection(SolutionProperties) = preSolution
		HideSolutionNode = FALSE
	EndGlobalSection
	GlobalSection(ExtensibilityGlobals) = postSolution
		SolutionGuid = {BFE4B9B9-0CB3-4122-B159-F6C509F21BD4}
	EndGlobalSection
EndGlobal
